
Microsoft Visual Studio Solution File, Format Version 12.00
# Visual Studio Version 17
VisualStudioVersion = 17.14.36429.23 d17.14
MinimumVisualStudioVersion = 10.0.40219.1
Project("{2150E333-8FDC-42A3-9474-1A3956D46DE8}") = "src", "src", "{02EA681E-C7D8-13C7-8484-4AC65E1B71E8}"
EndProject
Project("{2150E333-8FDC-42A3-9474-1A3956D46DE8}") = "tests", "tests", "{D3169276-0CD5-43E5-B16A-7FAC49710811}"
EndProject
Project("{FAE04EC0-301F-11D3-BF4B-00C04F79EFBC}") = "Domain", "Domain\Domain.csproj", "{19D23A1B-3187-487A-BE3C-624A7E01932E}"
EndProject
Project("{FAE04EC0-301F-11D3-BF4B-00C04F79EFBC}") = "Infrastructure", "Infrastructure\Infrastructure.csproj", "{A17F3477-72A4-40A6-AF21-69E48174FA0F}"
EndProject
Project("{FAE04EC0-301F-11D3-BF4B-00C04F79EFBC}") = "Application", "Application\Application.csproj", "{18563D7B-1A4C-42C0-8EB6-72A096B719C5}"
EndProject
Project("{FAE04EC0-301F-11D3-BF4B-00C04F79EFBC}") = "WebApi", "WebApi\WebApi.csproj", "{79DEE9F0-900A-4491-AEBB-D5E79AFE8101}"
EndProject
Project("{2150E333-8FDC-42A3-9474-1A3956D46DE8}") = "Application", "Application", "{B90626E7-3FD2-4E15-A401-E2029893BFF3}"
EndProject
Project("{2150E333-8FDC-42A3-9474-1A3956D46DE8}") = "Domain", "Domain", "{C90061EA-13DB-496D-8B5F-2A7B18428507}"
EndProject
Project("{2150E333-8FDC-42A3-9474-1A3956D46DE8}") = "Infrastructure", "Infrastructure", "{F5F30803-E5AA-4696-837F-6093F485CF1F}"
EndProject
Project("{2150E333-8FDC-42A3-9474-1A3956D46DE8}") = "WebApi", "WebApi", "{E88E8EA3-F3B2-485A-AC80-B480EC7828BA}"
EndProject
Global
	GlobalSection(SolutionConfigurationPlatforms) = preSolution
		Debug|Any CPU = Debug|Any CPU
		Release|Any CPU = Release|Any CPU
	EndGlobalSection
	GlobalSection(ProjectConfigurationPlatforms) = postSolution
		{19D23A1B-3187-487A-BE3C-624A7E01932E}.Debug|Any CPU.ActiveCfg = Debug|Any CPU
		{19D23A1B-3187-487A-BE3C-624A7E01932E}.Debug|Any CPU.Build.0 = Debug|Any CPU
		{19D23A1B-3187-487A-BE3C-624A7E01932E}.Release|Any CPU.ActiveCfg = Release|Any CPU
		{19D23A1B-3187-487A-BE3C-624A7E01932E}.Release|Any CPU.Build.0 = Release|Any CPU
		{A17F3477-72A4-40A6-AF21-69E48174FA0F}.Debug|Any CPU.ActiveCfg = Debug|Any CPU
		{A17F3477-72A4-40A6-AF21-69E48174FA0F}.Debug|Any CPU.Build.0 = Debug|Any CPU
		{A17F3477-72A4-40A6-AF21-69E48174FA0F}.Release|Any CPU.ActiveCfg = Release|Any CPU
		{A17F3477-72A4-40A6-AF21-69E48174FA0F}.Release|Any CPU.Build.0 = Release|Any CPU
		{18563D7B-1A4C-42C0-8EB6-72A096B719C5}.Debug|Any CPU.ActiveCfg = Debug|Any CPU
		{18563D7B-1A4C-42C0-8EB6-72A096B719C5}.Debug|Any CPU.Build.0 = Debug|Any CPU
		{18563D7B-1A4C-42C0-8EB6-72A096B719C5}.Release|Any CPU.ActiveCfg = Release|Any CPU
		{18563D7B-1A4C-42C0-8EB6-72A096B719C5}.Release|Any CPU.Build.0 = Release|Any CPU
		{79DEE9F0-900A-4491-AEBB-D5E79AFE8101}.Debug|Any CPU.ActiveCfg = Debug|Any CPU
		{79DEE9F0-900A-4491-AEBB-D5E79AFE8101}.Debug|Any CPU.Build.0 = Debug|Any CPU
		{79DEE9F0-900A-4491-AEBB-D5E79AFE8101}.Release|Any CPU.ActiveCfg = Release|Any CPU
		{79DEE9F0-900A-4491-AEBB-D5E79AFE8101}.Release|Any CPU.Build.0 = Release|Any CPU
	EndGlobalSection
	GlobalSection(SolutionProperties) = preSolution
		HideSolutionNode = FALSE
	EndGlobalSection
	GlobalSection(NestedProjects) = preSolution
		{19D23A1B-3187-487A-BE3C-624A7E01932E} = {02EA681E-C7D8-13C7-8484-4AC65E1B71E8}
		{A17F3477-72A4-40A6-AF21-69E48174FA0F} = {02EA681E-C7D8-13C7-8484-4AC65E1B71E8}
		{18563D7B-1A4C-42C0-8EB6-72A096B719C5} = {02EA681E-C7D8-13C7-8484-4AC65E1B71E8}
		{79DEE9F0-900A-4491-AEBB-D5E79AFE8101} = {02EA681E-C7D8-13C7-8484-4AC65E1B71E8}
		{B90626E7-3FD2-4E15-A401-E2029893BFF3} = {D3169276-0CD5-43E5-B16A-7FAC49710811}
		{C90061EA-13DB-496D-8B5F-2A7B18428507} = {D3169276-0CD5-43E5-B16A-7FAC49710811}
		{F5F30803-E5AA-4696-837F-6093F485CF1F} = {D3169276-0CD5-43E5-B16A-7FAC49710811}
		{E88E8EA3-F3B2-485A-AC80-B480EC7828BA} = {D3169276-0CD5-43E5-B16A-7FAC49710811}
	EndGlobalSection
	GlobalSection(ExtensibilityGlobals) = postSolution
		SolutionGuid = {91CFF5F0-A812-401F-8F8C-3FBABDD75CAB}
	EndGlobalSection
EndGlobal
